{
  "name": "fronted",
  "lockfileVersion": 3,
  "requires": true,
  "packages": {
    "": {
      "dependencies": {
        "lingolink": "file:.."
      }
    },
    "..": {
      "name": "lingolink",
      "version": "1.0.0",
      "license": "ISC",
      "dependencies": {
        "react-hot-toast": "^2.5.2",
        "react-router": "^7.6.2"
      },
      "devDependencies": {}
    },
    "node_modules/lingolink": {
      "resolved": "..",
      "link": true
    }
  }
}
